
Microsoft Visual Studio Solution File, Format Version 12.00
# Visual Studio Version 16
VisualStudioVersion = 16.0.29806.167
MinimumVisualStudioVersion = 10.0.40219.1
Project("{FAE04EC0-301F-11D3-BF4B-00C04F79EFBC}") = "lab3-5 byron", "lab3-5 byron\lab3-5 byron.csproj", "{794DFD53-39D5-4E0A-8A04-10F70EA035C5}"
EndProject
Global
	GlobalSection(SolutionConfigurationPlatforms) = preSolution
		Debug|Any CPU = Debug|Any CPU
		Release|Any CPU = Release|Any CPU
	EndGlobalSection
	GlobalSection(ProjectConfigurationPlatforms) = postSolution
		{794DFD53-39D5-4E0A-8A04-10F70EA035C5}.Debug|Any CPU.ActiveCfg = Debug|Any CPU
		{794DFD53-39D5-4E0A-8A04-10F70EA035C5}.Debug|Any CPU.Build.0 = Debug|Any CPU
		{794DFD53-39D5-4E0A-8A04-10F70EA035C5}.Release|Any CPU.ActiveCfg = Release|Any CPU
		{794DFD53-39D5-4E0A-8A04-10F70EA035C5}.Release|Any CPU.Build.0 = Release|Any CPU
	EndGlobalSection
	GlobalSection(SolutionProperties) = preSolution
		HideSolutionNode = FALSE
	EndGlobalSection
	GlobalSection(ExtensibilityGlobals) = postSolution
		SolutionGuid = {A05EFDF6-1D6F-4330-AA30-50D8DBB8E691}
	EndGlobalSection
EndGlobal
